
Microsoft Visual Studio Solution File, Format Version 12.00
# Visual Studio Version 16
VisualStudioVersion = 16.0.30907.101
MinimumVisualStudioVersion = 10.0.40219.1
Project("{FAE04EC0-301F-11D3-BF4B-00C04F79EFBC}") = "Fileless", "Fileless\Fileless.csproj", "{BFB8267B-B8A1-4A3E-87CD-3C53F76C59ED}"
EndProject
Project("{9A19103F-16F7-4668-BE54-9A1E7A4F7556}") = "MinHook.NET", "MinHook.NET\MinHook.NET\MinHook.NET.csproj", "{F36EC3B3-BB1A-4E72-9FEC-C982E4E8CE8A}"
EndProject
Global
	GlobalSection(SolutionConfigurationPlatforms) = preSolution
		Debug|Any CPU = Debug|Any CPU
		Debug|x64 = Debug|x64
		Release|Any CPU = Release|Any CPU
		Release|x64 = Release|x64
	EndGlobalSection
	GlobalSection(ProjectConfigurationPlatforms) = postSolution
		{BFB8267B-B8A1-4A3E-87CD-3C53F76C59ED}.Debug|Any CPU.ActiveCfg = Debug|Any CPU
		{BFB8267B-B8A1-4A3E-87CD-3C53F76C59ED}.Debug|Any CPU.Build.0 = Debug|Any CPU
		{BFB8267B-B8A1-4A3E-87CD-3C53F76C59ED}.Debug|x64.ActiveCfg = Debug|Any CPU
		{BFB8267B-B8A1-4A3E-87CD-3C53F76C59ED}.Debug|x64.Build.0 = Debug|Any CPU
		{BFB8267B-B8A1-4A3E-87CD-3C53F76C59ED}.Release|Any CPU.ActiveCfg = Release|Any CPU
		{BFB8267B-B8A1-4A3E-87CD-3C53F76C59ED}.Release|Any CPU.Build.0 = Release|Any CPU
		{BFB8267B-B8A1-4A3E-87CD-3C53F76C59ED}.Release|x64.ActiveCfg = Release|Any CPU
		{BFB8267B-B8A1-4A3E-87CD-3C53F76C59ED}.Release|x64.Build.0 = Release|Any CPU
		{F36EC3B3-BB1A-4E72-9FEC-C982E4E8CE8A}.Debug|Any CPU.ActiveCfg = Debug|Any CPU
		{F36EC3B3-BB1A-4E72-9FEC-C982E4E8CE8A}.Debug|Any CPU.Build.0 = Debug|Any CPU
		{F36EC3B3-BB1A-4E72-9FEC-C982E4E8CE8A}.Debug|x64.ActiveCfg = Debug|Any CPU
		{F36EC3B3-BB1A-4E72-9FEC-C982E4E8CE8A}.Debug|x64.Build.0 = Debug|Any CPU
		{F36EC3B3-BB1A-4E72-9FEC-C982E4E8CE8A}.Release|Any CPU.ActiveCfg = Release|Any CPU
		{F36EC3B3-BB1A-4E72-9FEC-C982E4E8CE8A}.Release|Any CPU.Build.0 = Release|Any CPU
		{F36EC3B3-BB1A-4E72-9FEC-C982E4E8CE8A}.Release|x64.ActiveCfg = Release|Any CPU
		{F36EC3B3-BB1A-4E72-9FEC-C982E4E8CE8A}.Release|x64.Build.0 = Release|Any CPU
	EndGlobalSection
	GlobalSection(SolutionProperties) = preSolution
		HideSolutionNode = FALSE
	EndGlobalSection
	GlobalSection(ExtensibilityGlobals) = postSolution
		SolutionGuid = {CC958034-53D0-45F9-AE71-D2E9FC0BB24B}
	EndGlobalSection
EndGlobal
